
Microsoft Visual Studio Solution File, Format Version 12.00
# Visual Studio Version 17
VisualStudioVersion = 17.8.34330.188
MinimumVisualStudioVersion = 10.0.40219.1
Project("{FAE04EC0-301F-11D3-BF4B-00C04F79EFBC}") = "Desafio do peixe", "Desafio do peixe\Desafio do peixe.csproj", "{12435F89-8281-4DF1-8B77-B63D6E01892E}"
EndProject
Global
	GlobalSection(SolutionConfigurationPlatforms) = preSolution
		Debug|Any CPU = Debug|Any CPU
		Release|Any CPU = Release|Any CPU
	EndGlobalSection
	GlobalSection(ProjectConfigurationPlatforms) = postSolution
		{12435F89-8281-4DF1-8B77-B63D6E01892E}.Debug|Any CPU.ActiveCfg = Debug|Any CPU
		{12435F89-8281-4DF1-8B77-B63D6E01892E}.Debug|Any CPU.Build.0 = Debug|Any CPU
		{12435F89-8281-4DF1-8B77-B63D6E01892E}.Release|Any CPU.ActiveCfg = Release|Any CPU
		{12435F89-8281-4DF1-8B77-B63D6E01892E}.Release|Any CPU.Build.0 = Release|Any CPU
	EndGlobalSection
	GlobalSection(SolutionProperties) = preSolution
		HideSolutionNode = FALSE
	EndGlobalSection
	GlobalSection(ExtensibilityGlobals) = postSolution
		SolutionGuid = {0BB69480-C855-4302-9957-373C3E164FB3}
	EndGlobalSection
EndGlobal
